
Microsoft Visual Studio Solution File, Format Version 12.00
# Visual Studio Version 17
VisualStudioVersion = 17.0.31903.59
MinimumVisualStudioVersion = 10.0.40219.1
Project("{2150E333-8FDC-42A3-9474-1A3956D46DE8}") = "src", "src", "{827E0CD3-B72D-47B6-A68D-7590B98EB39B}"
EndProject
Project("{FAE04EC0-301F-11D3-BF4B-00C04F79EFBC}") = "VetCommission.Domain", "src\VetCommission.Domain\VetCommission.Domain.csproj", "{ED9B6482-984A-4AC4-AFFB-60919415D9E8}"
EndProject
Project("{FAE04EC0-301F-11D3-BF4B-00C04F79EFBC}") = "VetCommission.Application", "src\VetCommission.Application\VetCommission.Application.csproj", "{DA2E7A78-B138-4C69-9D7D-B9EF248A1AE5}"
EndProject
Project("{FAE04EC0-301F-11D3-BF4B-00C04F79EFBC}") = "VetCommission.Infrastructure", "src\VetCommission.Infrastructure\VetCommission.Infrastructure.csproj", "{130CA710-5D07-49F6-ACB8-02302C6990B0}"
EndProject
Project("{FAE04EC0-301F-11D3-BF4B-00C04F79EFBC}") = "VetCommission.WebApi", "src\VetCommission.WebApi\VetCommission.WebApi.csproj", "{327BA2E3-BE45-499D-8785-294EAB994C49}"
EndProject
Project("{FAE04EC0-301F-11D3-BF4B-00C04F79EFBC}") = "VetCommission.Worker", "src\VetCommission.Worker\VetCommission.Worker.csproj", "{1AF7BD6E-A0AD-452E-9E85-1E86F3AC15A6}"
EndProject
Project("{2150E333-8FDC-42A3-9474-1A3956D46DE8}") = "tests", "tests", "{0AB3BF05-4346-4AA6-1389-037BE0695223}"
EndProject
Project("{FAE04EC0-301F-11D3-BF4B-00C04F79EFBC}") = "VetCommission.UnitTests", "tests\VetCommission.UnitTests\VetCommission.UnitTests.csproj", "{B5A6BBC2-856D-434C-919E-AF9038743DD8}"
EndProject
Project("{FAE04EC0-301F-11D3-BF4B-00C04F79EFBC}") = "VetCommission.IntegrationTests", "tests\VetCommission.IntegrationTests\VetCommission.IntegrationTests.csproj", "{571FF575-7D70-40CC-BDFF-09C1635C4D35}"
EndProject
Global
	GlobalSection(SolutionConfigurationPlatforms) = preSolution
		Debug|Any CPU = Debug|Any CPU
		Debug|x64 = Debug|x64
		Debug|x86 = Debug|x86
		Release|Any CPU = Release|Any CPU
		Release|x64 = Release|x64
		Release|x86 = Release|x86
	EndGlobalSection
	GlobalSection(ProjectConfigurationPlatforms) = postSolution
		{ED9B6482-984A-4AC4-AFFB-60919415D9E8}.Debug|Any CPU.ActiveCfg = Debug|Any CPU
		{ED9B6482-984A-4AC4-AFFB-60919415D9E8}.Debug|Any CPU.Build.0 = Debug|Any CPU
		{ED9B6482-984A-4AC4-AFFB-60919415D9E8}.Debug|x64.ActiveCfg = Debug|Any CPU
		{ED9B6482-984A-4AC4-AFFB-60919415D9E8}.Debug|x64.Build.0 = Debug|Any CPU
		{ED9B6482-984A-4AC4-AFFB-60919415D9E8}.Debug|x86.ActiveCfg = Debug|Any CPU
		{ED9B6482-984A-4AC4-AFFB-60919415D9E8}.Debug|x86.Build.0 = Debug|Any CPU
		{ED9B6482-984A-4AC4-AFFB-60919415D9E8}.Release|Any CPU.ActiveCfg = Release|Any CPU
		{ED9B6482-984A-4AC4-AFFB-60919415D9E8}.Release|Any CPU.Build.0 = Release|Any CPU
		{ED9B6482-984A-4AC4-AFFB-60919415D9E8}.Release|x64.ActiveCfg = Release|Any CPU
		{ED9B6482-984A-4AC4-AFFB-60919415D9E8}.Release|x64.Build.0 = Release|Any CPU
		{ED9B6482-984A-4AC4-AFFB-60919415D9E8}.Release|x86.ActiveCfg = Release|Any CPU
		{ED9B6482-984A-4AC4-AFFB-60919415D9E8}.Release|x86.Build.0 = Release|Any CPU
		{DA2E7A78-B138-4C69-9D7D-B9EF248A1AE5}.Debug|Any CPU.ActiveCfg = Debug|Any CPU
		{DA2E7A78-B138-4C69-9D7D-B9EF248A1AE5}.Debug|Any CPU.Build.0 = Debug|Any CPU
		{DA2E7A78-B138-4C69-9D7D-B9EF248A1AE5}.Debug|x64.ActiveCfg = Debug|Any CPU
		{DA2E7A78-B138-4C69-9D7D-B9EF248A1AE5}.Debug|x64.Build.0 = Debug|Any CPU
		{DA2E7A78-B138-4C69-9D7D-B9EF248A1AE5}.Debug|x86.ActiveCfg = Debug|Any CPU
		{DA2E7A78-B138-4C69-9D7D-B9EF248A1AE5}.Debug|x86.Build.0 = Debug|Any CPU
		{DA2E7A78-B138-4C69-9D7D-B9EF248A1AE5}.Release|Any CPU.ActiveCfg = Release|Any CPU
		{DA2E7A78-B138-4C69-9D7D-B9EF248A1AE5}.Release|Any CPU.Build.0 = Release|Any CPU
		{DA2E7A78-B138-4C69-9D7D-B9EF248A1AE5}.Release|x64.ActiveCfg = Release|Any CPU
		{DA2E7A78-B138-4C69-9D7D-B9EF248A1AE5}.Release|x64.Build.0 = Release|Any CPU
		{DA2E7A78-B138-4C69-9D7D-B9EF248A1AE5}.Release|x86.ActiveCfg = Release|Any CPU
		{DA2E7A78-B138-4C69-9D7D-B9EF248A1AE5}.Release|x86.Build.0 = Release|Any CPU
		{130CA710-5D07-49F6-ACB8-02302C6990B0}.Debug|Any CPU.ActiveCfg = Debug|Any CPU
		{130CA710-5D07-49F6-ACB8-02302C6990B0}.Debug|Any CPU.Build.0 = Debug|Any CPU
		{130CA710-5D07-49F6-ACB8-02302C6990B0}.Debug|x64.ActiveCfg = Debug|Any CPU
		{130CA710-5D07-49F6-ACB8-02302C6990B0}.Debug|x64.Build.0 = Debug|Any CPU
		{130CA710-5D07-49F6-ACB8-02302C6990B0}.Debug|x86.ActiveCfg = Debug|Any CPU
		{130CA710-5D07-49F6-ACB8-02302C6990B0}.Debug|x86.Build.0 = Debug|Any CPU
		{130CA710-5D07-49F6-ACB8-02302C6990B0}.Release|Any CPU.ActiveCfg = Release|Any CPU
		{130CA710-5D07-49F6-ACB8-02302C6990B0}.Release|Any CPU.Build.0 = Release|Any CPU
		{130CA710-5D07-49F6-ACB8-02302C6990B0}.Release|x64.ActiveCfg = Release|Any CPU
		{130CA710-5D07-49F6-ACB8-02302C6990B0}.Release|x64.Build.0 = Release|Any CPU
		{130CA710-5D07-49F6-ACB8-02302C6990B0}.Release|x86.ActiveCfg = Release|Any CPU
		{130CA710-5D07-49F6-ACB8-02302C6990B0}.Release|x86.Build.0 = Release|Any CPU
		{327BA2E3-BE45-499D-8785-294EAB994C49}.Debug|Any CPU.ActiveCfg = Debug|Any CPU
		{327BA2E3-BE45-499D-8785-294EAB994C49}.Debug|Any CPU.Build.0 = Debug|Any CPU
		{327BA2E3-BE45-499D-8785-294EAB994C49}.Debug|x64.ActiveCfg = Debug|Any CPU
		{327BA2E3-BE45-499D-8785-294EAB994C49}.Debug|x64.Build.0 = Debug|Any CPU
		{327BA2E3-BE45-499D-8785-294EAB994C49}.Debug|x86.ActiveCfg = Debug|Any CPU
		{327BA2E3-BE45-499D-8785-294EAB994C49}.Debug|x86.Build.0 = Debug|Any CPU
		{327BA2E3-BE45-499D-8785-294EAB994C49}.Release|Any CPU.ActiveCfg = Release|Any CPU
		{327BA2E3-BE45-499D-8785-294EAB994C49}.Release|Any CPU.Build.0 = Release|Any CPU
		{327BA2E3-BE45-499D-8785-294EAB994C49}.Release|x64.ActiveCfg = Release|Any CPU
		{327BA2E3-BE45-499D-8785-294EAB994C49}.Release|x64.Build.0 = Release|Any CPU
		{327BA2E3-BE45-499D-8785-294EAB994C49}.Release|x86.ActiveCfg = Release|Any CPU
		{327BA2E3-BE45-499D-8785-294EAB994C49}.Release|x86.Build.0 = Release|Any CPU
		{1AF7BD6E-A0AD-452E-9E85-1E86F3AC15A6}.Debug|Any CPU.ActiveCfg = Debug|Any CPU
		{1AF7BD6E-A0AD-452E-9E85-1E86F3AC15A6}.Debug|Any CPU.Build.0 = Debug|Any CPU
		{1AF7BD6E-A0AD-452E-9E85-1E86F3AC15A6}.Debug|x64.ActiveCfg = Debug|Any CPU
		{1AF7BD6E-A0AD-452E-9E85-1E86F3AC15A6}.Debug|x64.Build.0 = Debug|Any CPU
		{1AF7BD6E-A0AD-452E-9E85-1E86F3AC15A6}.Debug|x86.ActiveCfg = Debug|Any CPU
		{1AF7BD6E-A0AD-452E-9E85-1E86F3AC15A6}.Debug|x86.Build.0 = Debug|Any CPU
		{1AF7BD6E-A0AD-452E-9E85-1E86F3AC15A6}.Release|Any CPU.ActiveCfg = Release|Any CPU
		{1AF7BD6E-A0AD-452E-9E85-1E86F3AC15A6}.Release|Any CPU.Build.0 = Release|Any CPU
		{1AF7BD6E-A0AD-452E-9E85-1E86F3AC15A6}.Release|x64.ActiveCfg = Release|Any CPU
		{1AF7BD6E-A0AD-452E-9E85-1E86F3AC15A6}.Release|x64.Build.0 = Release|Any CPU
		{1AF7BD6E-A0AD-452E-9E85-1E86F3AC15A6}.Release|x86.ActiveCfg = Release|Any CPU
		{1AF7BD6E-A0AD-452E-9E85-1E86F3AC15A6}.Release|x86.Build.0 = Release|Any CPU
		{B5A6BBC2-856D-434C-919E-AF9038743DD8}.Debug|Any CPU.ActiveCfg = Debug|Any CPU
		{B5A6BBC2-856D-434C-919E-AF9038743DD8}.Debug|Any CPU.Build.0 = Debug|Any CPU
		{B5A6BBC2-856D-434C-919E-AF9038743DD8}.Debug|x64.ActiveCfg = Debug|Any CPU
		{B5A6BBC2-856D-434C-919E-AF9038743DD8}.Debug|x64.Build.0 = Debug|Any CPU
		{B5A6BBC2-856D-434C-919E-AF9038743DD8}.Debug|x86.ActiveCfg = Debug|Any CPU
		{B5A6BBC2-856D-434C-919E-AF9038743DD8}.Debug|x86.Build.0 = Debug|Any CPU
		{B5A6BBC2-856D-434C-919E-AF9038743DD8}.Release|Any CPU.ActiveCfg = Release|Any CPU
		{B5A6BBC2-856D-434C-919E-AF9038743DD8}.Release|Any CPU.Build.0 = Release|Any CPU
		{B5A6BBC2-856D-434C-919E-AF9038743DD8}.Release|x64.ActiveCfg = Release|Any CPU
		{B5A6BBC2-856D-434C-919E-AF9038743DD8}.Release|x64.Build.0 = Release|Any CPU
		{B5A6BBC2-856D-434C-919E-AF9038743DD8}.Release|x86.ActiveCfg = Release|Any CPU
		{B5A6BBC2-856D-434C-919E-AF9038743DD8}.Release|x86.Build.0 = Release|Any CPU
		{571FF575-7D70-40CC-BDFF-09C1635C4D35}.Debug|Any CPU.ActiveCfg = Debug|Any CPU
		{571FF575-7D70-40CC-BDFF-09C1635C4D35}.Debug|Any CPU.Build.0 = Debug|Any CPU
		{571FF575-7D70-40CC-BDFF-09C1635C4D35}.Debug|x64.ActiveCfg = Debug|Any CPU
		{571FF575-7D70-40CC-BDFF-09C1635C4D35}.Debug|x64.Build.0 = Debug|Any CPU
		{571FF575-7D70-40CC-BDFF-09C1635C4D35}.Debug|x86.ActiveCfg = Debug|Any CPU
		{571FF575-7D70-40CC-BDFF-09C1635C4D35}.Debug|x86.Build.0 = Debug|Any CPU
		{571FF575-7D70-40CC-BDFF-09C1635C4D35}.Release|Any CPU.ActiveCfg = Release|Any CPU
		{571FF575-7D70-40CC-BDFF-09C1635C4D35}.Release|Any CPU.Build.0 = Release|Any CPU
		{571FF575-7D70-40CC-BDFF-09C1635C4D35}.Release|x64.ActiveCfg = Release|Any CPU
		{571FF575-7D70-40CC-BDFF-09C1635C4D35}.Release|x64.Build.0 = Release|Any CPU
		{571FF575-7D70-40CC-BDFF-09C1635C4D35}.Release|x86.ActiveCfg = Release|Any CPU
		{571FF575-7D70-40CC-BDFF-09C1635C4D35}.Release|x86.Build.0 = Release|Any CPU
	EndGlobalSection
	GlobalSection(SolutionProperties) = preSolution
		HideSolutionNode = FALSE
	EndGlobalSection
	GlobalSection(NestedProjects) = preSolution
		{ED9B6482-984A-4AC4-AFFB-60919415D9E8} = {827E0CD3-B72D-47B6-A68D-7590B98EB39B}
		{DA2E7A78-B138-4C69-9D7D-B9EF248A1AE5} = {827E0CD3-B72D-47B6-A68D-7590B98EB39B}
		{130CA710-5D07-49F6-ACB8-02302C6990B0} = {827E0CD3-B72D-47B6-A68D-7590B98EB39B}
		{327BA2E3-BE45-499D-8785-294EAB994C49} = {827E0CD3-B72D-47B6-A68D-7590B98EB39B}
		{1AF7BD6E-A0AD-452E-9E85-1E86F3AC15A6} = {827E0CD3-B72D-47B6-A68D-7590B98EB39B}
		{B5A6BBC2-856D-434C-919E-AF9038743DD8} = {0AB3BF05-4346-4AA6-1389-037BE0695223}
		{571FF575-7D70-40CC-BDFF-09C1635C4D35} = {0AB3BF05-4346-4AA6-1389-037BE0695223}
	EndGlobalSection
EndGlobal
